
Microsoft Visual Studio Solution File, Format Version 12.00
# Visual Studio 15
VisualStudioVersion = 15.0.28010.2050
MinimumVisualStudioVersion = 10.0.40219.1
Project("{FAE04EC0-301F-11D3-BF4B-00C04F79EFBC}") = "Class and Method Exercise", "Class and Method Exercise\Class and Method Exercise.csproj", "{997C3A6A-5B6F-4D08-8234-ED7E3603420C}"
EndProject
Global
	GlobalSection(SolutionConfigurationPlatforms) = preSolution
		Debug|Any CPU = Debug|Any CPU
		Release|Any CPU = Release|Any CPU
	EndGlobalSection
	GlobalSection(ProjectConfigurationPlatforms) = postSolution
		{997C3A6A-5B6F-4D08-8234-ED7E3603420C}.Debug|Any CPU.ActiveCfg = Debug|Any CPU
		{997C3A6A-5B6F-4D08-8234-ED7E3603420C}.Debug|Any CPU.Build.0 = Debug|Any CPU
		{997C3A6A-5B6F-4D08-8234-ED7E3603420C}.Release|Any CPU.ActiveCfg = Release|Any CPU
		{997C3A6A-5B6F-4D08-8234-ED7E3603420C}.Release|Any CPU.Build.0 = Release|Any CPU
	EndGlobalSection
	GlobalSection(SolutionProperties) = preSolution
		HideSolutionNode = FALSE
	EndGlobalSection
	GlobalSection(ExtensibilityGlobals) = postSolution
		SolutionGuid = {1E2FD94D-3F8F-444D-A0AE-FC1F2FBA6B6A}
	EndGlobalSection
EndGlobal
